{
    "_meta": {
        "hash": {
            "sha256": "9665b97416a3a6c4200a2b81f63e00e675dd24bf8c5ddfb24dbae4eb37284a4c"
        },
        "pipfile-spec": 6,
        "requires": {
            "python_version": "2.7"
        },
        "sources": [
            {
                "name": "pypi",
                "url": "https://pypi.org/simple",
                "verify_ssl": true
            }
        ]
    },
    "default": {
        "awscli": {
            "hashes": [
                "sha256:2315b5c073916811fff6af0f09f8dd8aa0d5bf875320ce92492b078fe398e481",
                "sha256:8986135d67445ca5eddbf6ba7bd0aa60ada7b87f1eb5c33e99afd6c1593d1dff"
            ],
            "index": "pypi",
            "version": "==1.16.26"
        },
        "blessings": {
            "hashes": [
                "sha256:98e5854d805f50a5b58ac2333411b0482516a8210f23f43308baeb58d77c157d",
                "sha256:b1fdd7e7a675295630f9ae71527a8ebc10bfefa236b3d6aa4932ee4462c17ba3",
                "sha256:caad5211e7ba5afe04367cdd4cfc68fa886e2e08f6f35e76b7387d2109ccea6e"
            ],
            "version": "==1.7"
        },
        "botocore": {
            "hashes": [
                "sha256:1a80610b35a85825224e34c48e3d47660c728f63b8ab0c5a0ca49629686e2f41",
                "sha256:1f4f69e1403462c2d37967ce4bbdd0affe90e8a91899a340e59ee952552c5b09"
            ],
            "version": "==1.12.16"
        },
        "browsermob-proxy": {
            "hashes": [
                "sha256:5f0e72767938d268999f1b56b0e8ff01cecd051bb868637ff550e25495cc840b",
                "sha256:fb345bc2207fccdb8a584694c8d02d01c2cfc539c9d43bbed38f0c54e1abbbaf"
            ],
            "markers": "python_version != '3.2.*' and python_version != '3.3.*' and python_version != '3.0.*' and python_version != '3.1.*' and python_version < '4' and python_version >= '2.6'",
            "version": "==0.8.0"
        },
        "certifi": {
            "hashes": [
                "sha256:376690d6f16d32f9d1fe8932551d80b23e9d393a8578c5633a2ed39a64861638",
                "sha256:456048c7e371c089d0a77a5212fb37a2c2dce1e24146e3b7e0261736aaeaa22a"
            ],
            "version": "==2018.8.24"
        },
        "chardet": {
            "hashes": [
                "sha256:84ab92ed1c4d4f16916e05906b6b75a6c0fb5db821cc65e70cbd64a3e2a5eaae",
                "sha256:fc323ffcaeaed0e0a02bf4d117757b98aed530d9ed4531e3e15460124c106691"
            ],
            "version": "==3.0.4"
        },
        "click": {
            "hashes": [
                "sha256:2335065e6395b9e67ca716de5f7526736bfa6ceead690adf616d925bdc622b13",
                "sha256:5b94b49521f6456670fdb30cd82a4eca9412788a93fa6dd6df72c94d5a8ff2d7"
            ],
            "index": "pypi",
            "version": "==7.0"
        },
        "colorama": {
            "hashes": [
                "sha256:463f8483208e921368c9f306094eb6f725c6ca42b0f97e313cb5d5512459feda",
                "sha256:48eb22f4f8461b1df5734a074b57042430fb06e1d61bd1e11b078c0fe6d7a1f1"
            ],
            "version": "==0.3.9"
        },
        "docutils": {
            "hashes": [
                "sha256:02aec4bd92ab067f6ff27a38a38a41173bf01bed8f89157768c1573f53e474a6",
                "sha256:51e64ef2ebfb29cae1faa133b3710143496eca21c530f3f71424d77687764274",
                "sha256:7a4bd47eaf6596e1295ecb11361139febe29b084a87bf005bf899f9a42edc3c6"
            ],
            "version": "==0.14"
        },
        "enum34": {
            "hashes": [
                "sha256:2d81cbbe0e73112bdfe6ef8576f2238f2ba27dd0d55752a776c41d38b7da2850",
                "sha256:644837f692e5f550741432dd3f223bbb9852018674981b1664e5dc339387588a",
                "sha256:6bd0f6ad48ec2aa117d3d141940d484deccda84d4fcd884f5c3d93c23ecd8c79",
                "sha256:8ad8c4783bf61ded74527bffb48ed9b54166685e4230386a9ed9b1279e2df5b1"
            ],
            "markers": "python_version == '2.7' or python_version == '3.3'",
            "version": "==1.1.6"
        },
        "futures": {
            "hashes": [
                "sha256:9ec02aa7d674acb8618afb127e27fde7fc68994c0437ad759fa094a574adb265",
                "sha256:ec0a6cb848cc212002b9828c3e34c675e0c9ff6741dc445cab6fdd4e1085d1f1"
            ],
            "markers": "python_version == '2.6' or python_version == '2.7'",
            "version": "==3.2.0"
        },
        "h2": {
            "hashes": [
                "sha256:4be613e35caad5680dc48f98f3bf4e7338c7c429e6375a5137be7fbe45219981",
                "sha256:b2962f883fa392a23cbfcc4ad03c335bcc661be0cf9627657b589f0df2206e64"
            ],
            "version": "==3.0.1"
        },
        "hpack": {
            "hashes": [
                "sha256:0edd79eda27a53ba5be2dfabf3b15780928a0dff6eb0c60a3d6767720e970c89",
                "sha256:8eec9c1f4bfae3408a3f30500261f7e6a65912dc138526ea054f9ad98892e9d2"
            ],
            "version": "==3.0.0"
        },
        "hyperframe": {
            "hashes": [
                "sha256:87567c9eb1540de1e7f48805adf00e87856409342fdebd0cd20cf5d381c38b69",
                "sha256:a25944539db36d6a2e47689e7915dcee562b3f8d10c6cdfa0d53c91ed692fb04"
            ],
            "version": "==5.1.0"
        },
        "idna": {
            "hashes": [
                "sha256:156a6814fb5ac1fc6850fb002e0852d56c0c8d2531923a51032d1b70760e186e",
                "sha256:684a38a6f903c1d71d6d5fac066b58d7768af4de2b832e426ec79c30daa94a16"
            ],
            "version": "==2.7"
        },
        "jmespath": {
            "hashes": [
                "sha256:6a81d4c9aa62caf061cb517b4d9ad1dd300374cd4706997aff9cd6aedd61fc64",
                "sha256:f11b4461f425740a1d908e9a3f7365c3d2e569f6ca68a2ff8bc5bcd9676edd63"
            ],
            "version": "==0.9.3"
        },
        "manifestparser": {
            "hashes": [
                "sha256:adb0c58b8811711fc2220cb23620b7cd1fb7f61124cc61e2e54c592f90919619"
            ],
            "version": "==1.1"
        },
        "marionette-client": {
            "hashes": [
                "sha256:6bf104cfe75c1b3a8dfcfb6dfdd35427e96b3c31213eae6b34e5a670e695624e",
                "sha256:d4ee1a2848215a42a12e99f5994a6a6da1aef6460146c142e22dfd3deb7f0291"
            ],
            "index": "pypi",
            "version": "==3.3.0"
        },
        "marionette-driver": {
            "hashes": [
                "sha256:15c77ba548847dc05ce1b663a22c3324623f217dce5a859c3aaced31fd16707b",
                "sha256:4b550e719f3d8245a51330bb4039a6f1972db9308a5707cac82a28266cdb3459"
            ],
            "version": "==2.7.0"
        },
        "mohawk": {
            "hashes": [
                "sha256:b3f85ffa93a5c7d2f9cc591246ef9f8ac4a9fa716bfd5bae0377699a2d89d78c",
                "sha256:e98b331d9fa9ece7b8be26094cbe2d57613ae882133cc755167268a984bc0ab3"
            ],
            "version": "==0.3.4"
        },
        "mozcrash": {
            "hashes": [
                "sha256:3eb6568674056f58029bdc1dbfaa1ed53c3608b09d904466e6d697bbc1f8bc72",
                "sha256:63c61f720beb045cd3ac668152cddfe96b25827cafd6bc98d9144bb1cd0e2008"
            ],
            "markers": "python_version >= '2.7' and python_version != '3.0.*' and python_version != '3.1.*' and python_version != '3.2.*' and python_version != '3.3.*'",
            "version": "==1.0"
        },
        "mozdevice": {
            "hashes": [
                "sha256:fec783339e5f229f779febf6037d456a1c2183c1f79e32d7ccdd8aa7c76969dc"
            ],
            "version": "==1.1.1"
        },
        "mozdownload": {
            "hashes": [
                "sha256:3de5405d117e0900e381395dcb037aa1539a607b1ca104d207aaae4195ca053a",
                "sha256:7c1841b03ee5312a8647945f973c8177fb4b79a7ae48e24e6eac94ac7758a7eb"
            ],
            "index": "pypi",
            "version": "==1.24"
        },
        "mozfile": {
            "hashes": [
                "sha256:d3b00f336c6a89449bd78dd3ae65d74eb98497438d1ccfec07af0a736d20e957"
            ],
            "version": "==1.2"
        },
        "mozinfo": {
            "hashes": [
                "sha256:dcd53a1b1793340418e1ae42bf300e3e56d8f12047972378c6f9318b220b1023"
            ],
            "version": "==0.10"
        },
        "mozinstall": {
            "hashes": [
                "sha256:034e1e21cf5504324c74cab62944b25cedc7d2650054ec94f537055d6f581d7d",
                "sha256:8a27c03a98f88f3998d5ba910b61b7f44f7aa43113f60e5b76bf4a860548cb89"
            ],
            "index": "pypi",
            "version": "==1.16.0"
        },
        "mozlog": {
            "hashes": [
                "sha256:3c4386e6d07beca9f64ac176728205d69e822b3f19acccec8c52531ee1f9d957",
                "sha256:a05718e9eeff693bc0509f6c66bd1fc68a5f14744bc7b2a67a06f0d8cc47a203"
            ],
            "markers": "python_version >= '2.7' and python_version != '3.0.*' and python_version != '3.1.*' and python_version != '3.2.*' and python_version != '3.3.*'",
            "version": "==3.8"
        },
        "moznetwork": {
            "hashes": [
                "sha256:5ac0d56cc46d7a080e4ff0742238360f72f43eb52191319df1b4021779e9d727"
            ],
            "markers": "python_version >= '2.7' and python_version != '3.0.*' and python_version != '3.1.*' and python_version != '3.2.*' and python_version != '3.3.*'",
            "version": "==0.27"
        },
        "mozprocess": {
            "hashes": [
                "sha256:9f3d533439f7721c90547bee0ecdf421c838e5976673430f6ea37db7a789b363",
                "sha256:9f471c45bee9ff14e936c6ee216a6cc4941223659c01fa626bce628001d8485c"
            ],
            "version": "==0.26"
        },
        "mozprofile": {
            "hashes": [
                "sha256:c8199a4dd30dfced4ae35250252828aa8f770d70878d85ea5ab665a5d3fb8631",
                "sha256:ddd3a27ea004d56f2020fe4ee70a897b3adc584c33f28089c5d6870828f4ed66"
            ],
            "markers": "python_version >= '2.7' and python_version != '3.0.*' and python_version != '3.1.*' and python_version != '3.2.*' and python_version != '3.3.*'",
            "version": "==2.0.0"
        },
        "mozrunner": {
            "hashes": [
                "sha256:de57ecb3644928f2eb315c4989227e7bc14fb129b509db58845eb4e6a60058d3"
            ],
            "markers": "python_version >= '2.7' and python_version != '3.0.*' and python_version != '3.1.*' and python_version != '3.2.*' and python_version != '3.3.*'",
            "version": "==7.1.0"
        },
        "mozterm": {
            "hashes": [
                "sha256:b1e91acec188de07c704dbb7b0100a7be5c1e06567b3beb67f6ea11d00a483a4",
                "sha256:f5eafa25c23d391e2a2bb1dd45ee928fc9e3c811977a3856b5a5a0778011053c"
            ],
            "version": "==1.0.0"
        },
        "moztest": {
            "hashes": [
                "sha256:5ab589a30f24f608cd3ea31471bc315b3cf5037ad82f2cc324c1da4e30bee9dd",
                "sha256:d4d154fa2fb7864ec27cf8026534c6c3df4bb218cd105f6382d63c2870368077"
            ],
            "version": "==0.8"
        },
        "mozversion": {
            "hashes": [
                "sha256:e4a8aad0a4748c8b4f1990ec52837d79be8564f30d097a10242d5a08c6b10206",
                "sha256:e9b11e4a46bf7a4a11469ea4589c75f3ba50b34b7801e7edf1a09147af8bf70f"
            ],
            "markers": "python_version >= '2.7' and python_version != '3.0.*' and python_version != '3.1.*' and python_version != '3.2.*' and python_version != '3.3.*'",
            "version": "==1.5"
        },
        "progressbar2": {
            "hashes": [
                "sha256:84cb2b81274e9d83a952dc4517f953fbaf1e040b90638e68d54fc18e7dd47030",
                "sha256:d209f8c13672724bbb7bbf76e7ffedaa0bcdac32dc8db68a627bbabfd6c75de0"
            ],
            "version": "==3.38.0"
        },
        "pyasn1": {
            "hashes": [
                "sha256:b9d3abc5031e61927c82d4d96c1cec1e55676c1a991623cfed28faea73cdd7ca",
                "sha256:f58f2a3d12fd754aa123e9fa74fb7345333000a035f3921dbdaa08597aa53137"
            ],
            "version": "==0.4.4"
        },
        "python-dateutil": {
            "hashes": [
                "sha256:1adb80e7a782c12e52ef9a8182bebeb73f1d7e24e374397af06fb4956c8dc5c0",
                "sha256:e27001de32f627c22380a688bcc43ce83504a7bc5da472209b4c70f02829f0b8"
            ],
            "markers": "python_version >= '2.7'",
            "version": "==2.7.3"
        },
        "python-utils": {
            "hashes": [
                "sha256:34aaf26b39b0b86628008f2ae0ac001b30e7986a8d303b61e1357dfcdad4f6d3",
                "sha256:e25f840564554eaded56eaa395bca507b0b9e9f0ae5ecb13a8cb785305c56d25"
            ],
            "version": "==2.3.0"
        },
        "pyyaml": {
            "hashes": [
                "sha256:3d7da3009c0f3e783b2c873687652d83b1bbfd5c88e9813fb7e5b03c0dd3108b",
                "sha256:3ef3092145e9b70e3ddd2c7ad59bdd0252a94dfe3949721633e41344de00a6bf",
                "sha256:40c71b8e076d0550b2e6380bada1f1cd1017b882f7e16f09a65be98e017f211a",
                "sha256:558dd60b890ba8fd982e05941927a3911dc409a63dcb8b634feaa0cda69330d3",
                "sha256:a7c28b45d9f99102fa092bb213aa12e0aaf9a6a1f5e395d36166639c1f96c3a1",
                "sha256:aa7dd4a6a427aed7df6fb7f08a580d68d9b118d90310374716ae90b710280af1",
                "sha256:bc558586e6045763782014934bfaf39d48b8ae85a2713117d16c39864085c613",
                "sha256:d46d7982b62e0729ad0175a9bc7e10a566fc07b224d2c79fafb5e032727eaa04",
                "sha256:d5eef459e30b09f5a098b9cea68bebfeb268697f78d647bd255a085371ac7f3f",
                "sha256:e01d3203230e1786cd91ccfdc8f8454c8069c91bee3962ad93b87a4b2860f537",
                "sha256:e170a9e6fcfd19021dd29845af83bb79236068bf5fd4df3327c1be18182b2531"
            ],
            "version": "==3.13"
        },
        "redo": {
            "hashes": [
                "sha256:69ea97e4d934806475fe86f93e4f74da2994acab20c2e3cfe0d3ca6380e3f907"
            ],
            "version": "==1.6"
        },
        "requests": {
            "hashes": [
                "sha256:63b52e3c866428a224f97cab011de738c36aec0185aa91cfacd418b5d58911d1",
                "sha256:ec22d826a36ed72a7358ff3fe56cbd4ba69dd7a6718ffd450ff0e9df7a47ce6a"
            ],
            "markers": "python_version != '3.2.*' and python_version != '3.3.*' and python_version != '3.0.*' and python_version != '3.1.*' and python_version < '4' and python_version >= '2.6'",
            "version": "==2.19.1"
        },
        "requests-hawk": {
            "hashes": [
                "sha256:aef0dff8053dcae2057774516386bed0a3bc03fabea9e18f3aa98f02672ea5d0",
                "sha256:c2626ab31ebef0c81b97781c44c2275bfcc6d8e8520fc4ced495f0f386f8fe26"
            ],
            "markers": "python_version != '3.2.*' and python_version != '3.3.*' and python_version != '3.0.*' and python_version != '3.1.*' and python_version < '4' and python_version >= '2.6'",
            "version": "==1.0.0"
        },
        "rsa": {
            "hashes": [
                "sha256:25df4e10c263fb88b5ace923dd84bf9aa7f5019687b5e55382ffcdb8bede9db5",
                "sha256:43f682fea81c452c98d09fc316aae12de6d30c4b5c84226642cf8f8fd1c93abd"
            ],
            "version": "==3.4.2"
        },
        "s3transfer": {
            "hashes": [
                "sha256:90dc18e028989c609146e241ea153250be451e05ecc0c2832565231dacdf59c1",
                "sha256:c7a9ec356982d5e9ab2d4b46391a7d6a950e2b04c472419f5fdec70cc0ada72f"
            ],
            "version": "==0.1.13"
        },
        "six": {
            "hashes": [
                "sha256:70e8a77beed4562e7f14fe23a786b54f6296e34344c23bc42f07b15018ff98e9",
                "sha256:832dc0e10feb1aa2c68dcc57dbb658f1c7e65b9b61af69048abc87a2db00a0eb"
            ],
            "version": "==1.11.0"
        },
        "treeherder-client": {
            "hashes": [
                "sha256:84690096902891bef2d9b555352f791510f9a280a76c8cf76a2730deccf8dc4b",
                "sha256:e4221b867621afedcd88d076d8652435a8b62d5b0d1c0149afddce4516c2f0c4"
            ],
            "version": "==4.0.0"
        },
        "urllib3": {
            "hashes": [
                "sha256:a68ac5e15e76e7e5dd2b8f94007233e01effe3e50e8daddf69acfd81cb686baf",
                "sha256:b5725a0bd4ba422ab0e66e89e030c806576753ea3ee08554382c14e685d117b5"
            ],
            "markers": "python_version != '3.2.*' and python_version != '3.3.*' and python_version != '3.0.*' and python_version != '3.1.*' and python_version < '4' and python_version >= '2.6'",
            "version": "==1.23"
        },
        "wptserve": {
            "hashes": [
                "sha256:9d0c6adc279748abea81ac12b7a2cac97ebbdd87826dc11f6dbd85b781e9442a"
            ],
            "version": "==2.0"
        }
    },
    "develop": {}
}
