{
    "_meta": {
        "hash": {
            "sha256": "140de07daef592892ea44bb430e3ce02325326006ed0693d78159fde85258c96"
        },
        "pipfile-spec": 6,
        "requires": {
            "python_version": "2.7"
        },
        "sources": [
            {
                "name": "pypi",
                "url": "https://pypi.org/simple",
                "verify_ssl": true
            }
        ]
    },
    "default": {
        "awscli": {
            "hashes": [
                "sha256:4c2d4a835c4fb219c367d7a4ba457ce3de0d63ef2468eff7eef39f75f202aadd",
                "sha256:be8df6801499b9e746259e418f520311d50d233f1118d04da8ec234714a1758d"
            ],
            "index": "pypi",
            "version": "==1.16.155"
        },
        "blessings": {
            "hashes": [
                "sha256:98e5854d805f50a5b58ac2333411b0482516a8210f23f43308baeb58d77c157d",
                "sha256:b1fdd7e7a675295630f9ae71527a8ebc10bfefa236b3d6aa4932ee4462c17ba3",
                "sha256:caad5211e7ba5afe04367cdd4cfc68fa886e2e08f6f35e76b7387d2109ccea6e"
            ],
            "version": "==1.7"
        },
        "botocore": {
            "hashes": [
                "sha256:d83c012849f5ec5266361b68d5d88c713a1a58b8c4d748e28751724bf6ee2810",
                "sha256:d8f9431d373a7ecb1bf108fbd6136ce65e0e43e1bfb05cc1db820b8db4f095fc"
            ],
            "version": "==1.12.145"
        },
        "browsermob-proxy": {
            "hashes": [
                "sha256:5f0e72767938d268999f1b56b0e8ff01cecd051bb868637ff550e25495cc840b",
                "sha256:fb345bc2207fccdb8a584694c8d02d01c2cfc539c9d43bbed38f0c54e1abbbaf"
            ],
            "version": "==0.8.0"
        },
        "certifi": {
            "hashes": [
                "sha256:59b7658e26ca9c7339e00f8f4636cdfe59d34fa37b9b04f6f9e9926b3cece1a5",
                "sha256:b26104d6835d1f5e49452a26eb2ff87fe7090b89dfcaee5ea2212697e1e1d7ae"
            ],
            "version": "==2019.3.9"
        },
        "chardet": {
            "hashes": [
                "sha256:84ab92ed1c4d4f16916e05906b6b75a6c0fb5db821cc65e70cbd64a3e2a5eaae",
                "sha256:fc323ffcaeaed0e0a02bf4d117757b98aed530d9ed4531e3e15460124c106691"
            ],
            "version": "==3.0.4"
        },
        "click": {
            "hashes": [
                "sha256:2335065e6395b9e67ca716de5f7526736bfa6ceead690adf616d925bdc622b13",
                "sha256:5b94b49521f6456670fdb30cd82a4eca9412788a93fa6dd6df72c94d5a8ff2d7"
            ],
            "index": "pypi",
            "version": "==7.0"
        },
        "colorama": {
            "hashes": [
                "sha256:463f8483208e921368c9f306094eb6f725c6ca42b0f97e313cb5d5512459feda",
                "sha256:48eb22f4f8461b1df5734a074b57042430fb06e1d61bd1e11b078c0fe6d7a1f1"
            ],
            "version": "==0.3.9"
        },
        "docutils": {
            "hashes": [
                "sha256:02aec4bd92ab067f6ff27a38a38a41173bf01bed8f89157768c1573f53e474a6",
                "sha256:51e64ef2ebfb29cae1faa133b3710143496eca21c530f3f71424d77687764274",
                "sha256:7a4bd47eaf6596e1295ecb11361139febe29b084a87bf005bf899f9a42edc3c6"
            ],
            "version": "==0.14"
        },
        "enum34": {
            "hashes": [
                "sha256:2d81cbbe0e73112bdfe6ef8576f2238f2ba27dd0d55752a776c41d38b7da2850",
                "sha256:644837f692e5f550741432dd3f223bbb9852018674981b1664e5dc339387588a",
                "sha256:6bd0f6ad48ec2aa117d3d141940d484deccda84d4fcd884f5c3d93c23ecd8c79",
                "sha256:8ad8c4783bf61ded74527bffb48ed9b54166685e4230386a9ed9b1279e2df5b1"
            ],
            "markers": "python_version == '2.7' or python_version == '3.3'",
            "version": "==1.1.6"
        },
        "futures": {
            "hashes": [
                "sha256:9ec02aa7d674acb8618afb127e27fde7fc68994c0437ad759fa094a574adb265",
                "sha256:ec0a6cb848cc212002b9828c3e34c675e0c9ff6741dc445cab6fdd4e1085d1f1"
            ],
            "markers": "python_version == '2.6' or python_version == '2.7'",
            "version": "==3.2.0"
        },
        "h2": {
            "hashes": [
                "sha256:4be613e35caad5680dc48f98f3bf4e7338c7c429e6375a5137be7fbe45219981",
                "sha256:b2962f883fa392a23cbfcc4ad03c335bcc661be0cf9627657b589f0df2206e64"
            ],
            "version": "==3.0.1"
        },
        "hpack": {
            "hashes": [
                "sha256:0edd79eda27a53ba5be2dfabf3b15780928a0dff6eb0c60a3d6767720e970c89",
                "sha256:8eec9c1f4bfae3408a3f30500261f7e6a65912dc138526ea054f9ad98892e9d2"
            ],
            "version": "==3.0.0"
        },
        "hyperframe": {
            "hashes": [
                "sha256:5187962cb16dcc078f23cb5a4b110098d546c3f41ff2d4038a9896893bbd0b40",
                "sha256:a9f5c17f2cc3c719b917c4f33ed1c61bd1f8dfac4b1bd23b7c80b3400971b41f"
            ],
            "version": "==5.2.0"
        },
        "idna": {
            "hashes": [
                "sha256:c357b3f628cf53ae2c4c05627ecc484553142ca23264e593d327bcde5e9c3407",
                "sha256:ea8b7f6188e6fa117537c3df7da9fc686d485087abf6ac197f9c46432f7e4a3c"
            ],
            "version": "==2.8"
        },
        "jmespath": {
            "hashes": [
                "sha256:3720a4b1bd659dd2eecad0666459b9788813e032b83e7ba58578e48254e0a0e6",
                "sha256:bde2aef6f44302dfb30320115b17d030798de8c4110e28d5cf6cf91a7a31074c"
            ],
            "version": "==0.9.4"
        },
        "manifestparser": {
            "hashes": [
                "sha256:adb0c58b8811711fc2220cb23620b7cd1fb7f61124cc61e2e54c592f90919619"
            ],
            "version": "==1.1"
        },
        "marionette-client": {
            "hashes": [
                "sha256:6bf104cfe75c1b3a8dfcfb6dfdd35427e96b3c31213eae6b34e5a670e695624e",
                "sha256:d4ee1a2848215a42a12e99f5994a6a6da1aef6460146c142e22dfd3deb7f0291"
            ],
            "index": "pypi",
            "version": "==3.3.0"
        },
        "marionette-driver": {
            "hashes": [
                "sha256:857042bf8621820cca42b53f33263f9cbedd2c6c381b203deca77c329de2590e",
                "sha256:bd9825afde62c721ac8e1d14303cba76c412813f10db269401b89c83bcc086c3"
            ],
            "version": "==2.8.0"
        },
        "mohawk": {
            "hashes": [
                "sha256:aa57e6626a6ea323ab714779f23734de1d1feca8cb6fc00b65e65ce115c1696a",
                "sha256:fca4e34d8f5492f1c33141c98b96e168a089e5692ce65fb747e4bb613f5fe552"
            ],
            "version": "==1.0.0"
        },
        "mozcrash": {
            "hashes": [
                "sha256:09a5b1a29d9827064e69580b922352c391226b6816d27d9e209b9443b9049f09",
                "sha256:8c2d2f32bd6e0ba3644f5d16e427444d8cb51ec1e9baa340a33e10687307f8c4"
            ],
            "version": "==1.1.0"
        },
        "mozdevice": {
            "hashes": [
                "sha256:a7b582331448f28c9f44d5a113a152537e5666b0f5ce1052dc569ab516ec99a8",
                "sha256:ec618e0c8000663de99af076f9d5ffdf91eaa81105b75b42a2dbcdb0248c2acb"
            ],
            "version": "==3.0.1"
        },
        "mozdownload": {
            "hashes": [
                "sha256:3f2c6c2723c06d61805cb02bcf82e7b580d72259548a007f3bf64fa35f5a97ec",
                "sha256:bb76a5641403eafd8fc84fef360e636bfcf0c7519c900ba8f9dcd18de2fc10f7"
            ],
            "index": "pypi",
            "version": "==1.25"
        },
        "mozfile": {
            "hashes": [
                "sha256:22a43f3bc320c3bda27e54b293c23a51660f4a00ec6959ab70ca6136d702f578",
                "sha256:7355643fca705f43d9412d444fb59588fbbd25f0d1e7592b9482f84e3d23bc8e"
            ],
            "version": "==2.0.0"
        },
        "mozinfo": {
            "hashes": [
                "sha256:299827c42d54ebb3c3547e299846abd15d22ff677cf6c1adbf54faeb9f024832",
                "sha256:4525c26350fb85c26b38c5f853a19f47b17b49a74de363d285d54258972a4cbc"
            ],
            "version": "==1.1.0"
        },
        "mozinstall": {
            "hashes": [
                "sha256:219ba7c51308433487b4f30a2615cb9b3ecd40a76b9faf41cf1b1b005bb5dda7"
            ],
            "index": "pypi",
            "version": "==2.0.0"
        },
        "mozlog": {
            "hashes": [
                "sha256:8c32f07b939960f769df891fbb30cabb86822e4d3a8d0a16ebe693d0f46eae0e",
                "sha256:a9e84e44113ba3cfde217d4e941979d37445ee48166a79583f9fc1e74770d5e1"
            ],
            "version": "==4.0"
        },
        "moznetwork": {
            "hashes": [
                "sha256:5ac0d56cc46d7a080e4ff0742238360f72f43eb52191319df1b4021779e9d727"
            ],
            "version": "==0.27"
        },
        "mozprocess": {
            "hashes": [
                "sha256:6c984ab251bf0b1d6eef7e4fff87c2c2b60f20953e75eae566cb2d239f39806a",
                "sha256:a0fd8367e663d3cac74ee46bffa789667bc8d52f242d81a14522205fa6650cb2"
            ],
            "version": "==1.0.0"
        },
        "mozprofile": {
            "hashes": [
                "sha256:65cd29ab2925e40130935b144de80d23270a1bc66bf312b813942b1ba6eb7a76",
                "sha256:94a0e14fcf357a90c42418edd414e837ff63bab876ccd51b9a7810d6f3c9fe2d"
            ],
            "version": "==2.2.0"
        },
        "mozrunner": {
            "hashes": [
                "sha256:3d3d48ceff333262d4f648314d5c7ac8e1998bf7ed08a7f96ac2a08558958c7b",
                "sha256:c98c7a3cabbe7b63348f7c495ed40e75c3946c01896a1bec756e782b30a7b7d5"
            ],
            "version": "==7.4.0"
        },
        "mozterm": {
            "hashes": [
                "sha256:b1e91acec188de07c704dbb7b0100a7be5c1e06567b3beb67f6ea11d00a483a4",
                "sha256:f5eafa25c23d391e2a2bb1dd45ee928fc9e3c811977a3856b5a5a0778011053c"
            ],
            "version": "==1.0.0"
        },
        "moztest": {
            "hashes": [
                "sha256:5ab589a30f24f608cd3ea31471bc315b3cf5037ad82f2cc324c1da4e30bee9dd",
                "sha256:d4d154fa2fb7864ec27cf8026534c6c3df4bb218cd105f6382d63c2870368077"
            ],
            "version": "==0.8"
        },
        "mozversion": {
            "hashes": [
                "sha256:35911badaaf02715e56c6062379688724e7afeffc2d25be8567312d24054cdd4",
                "sha256:65f41d7dc14002f83d8f147c82ca34f7213ad07065d250939daaeeb3787dc0fa"
            ],
            "version": "==2.1.0"
        },
        "progressbar2": {
            "hashes": [
                "sha256:1ea89e2aaa1da85450aabbd2af62cefa04f1ee1c567f3a11ee0d8ded14fd1fea",
                "sha256:8e5b5419e04193bb7c3fea71579937bbbcd64c26472b929718c2fe7ec420fe39"
            ],
            "version": "==3.39.3"
        },
        "pyasn1": {
            "hashes": [
                "sha256:da2420fe13a9452d8ae97a0e478adde1dee153b11ba832a95b223a2ba01c10f7",
                "sha256:da6b43a8c9ae93bc80e2739efb38cc776ba74a886e3e9318d65fe81a8b8a2c6e"
            ],
            "version": "==0.4.5"
        },
        "python-dateutil": {
            "hashes": [
                "sha256:7e6584c74aeed623791615e26efd690f29817a27c73085b78e4bad02493df2fb",
                "sha256:c89805f6f4d64db21ed966fda138f8a5ed7a4fdbc1a8ee329ce1b74e3c74da9e"
            ],
            "markers": "python_version >= '2.7'",
            "version": "==2.8.0"
        },
        "python-utils": {
            "hashes": [
                "sha256:34aaf26b39b0b86628008f2ae0ac001b30e7986a8d303b61e1357dfcdad4f6d3",
                "sha256:e25f840564554eaded56eaa395bca507b0b9e9f0ae5ecb13a8cb785305c56d25"
            ],
            "version": "==2.3.0"
        },
        "pyyaml": {
            "hashes": [
                "sha256:3d7da3009c0f3e783b2c873687652d83b1bbfd5c88e9813fb7e5b03c0dd3108b",
                "sha256:3ef3092145e9b70e3ddd2c7ad59bdd0252a94dfe3949721633e41344de00a6bf",
                "sha256:40c71b8e076d0550b2e6380bada1f1cd1017b882f7e16f09a65be98e017f211a",
                "sha256:558dd60b890ba8fd982e05941927a3911dc409a63dcb8b634feaa0cda69330d3",
                "sha256:a7c28b45d9f99102fa092bb213aa12e0aaf9a6a1f5e395d36166639c1f96c3a1",
                "sha256:aa7dd4a6a427aed7df6fb7f08a580d68d9b118d90310374716ae90b710280af1",
                "sha256:bc558586e6045763782014934bfaf39d48b8ae85a2713117d16c39864085c613",
                "sha256:d46d7982b62e0729ad0175a9bc7e10a566fc07b224d2c79fafb5e032727eaa04",
                "sha256:d5eef459e30b09f5a098b9cea68bebfeb268697f78d647bd255a085371ac7f3f",
                "sha256:e01d3203230e1786cd91ccfdc8f8454c8069c91bee3962ad93b87a4b2860f537",
                "sha256:e170a9e6fcfd19021dd29845af83bb79236068bf5fd4df3327c1be18182b2531"
            ],
            "version": "==3.13"
        },
        "redo": {
            "hashes": [
                "sha256:47409df1123072e1ec495283784868eb38c65bfc583c7a25c0d869bc360296f2",
                "sha256:d6452273abc4fd10678d51ccbd16876d001ae46fddd34b85af7adeebabb6b8ea"
            ],
            "version": "==2.0.1"
        },
        "requests": {
            "hashes": [
                "sha256:502a824f31acdacb3a35b6690b5fbf0bc41d63a24a45c4004352b0242707598e",
                "sha256:7bf2a778576d825600030a110f3c0e3e8edc51dfaafe1c146e39a2027784957b"
            ],
            "index": "pypi",
            "version": "==2.21.0"
        },
        "requests-hawk": {
            "hashes": [
                "sha256:aef0dff8053dcae2057774516386bed0a3bc03fabea9e18f3aa98f02672ea5d0",
                "sha256:c2626ab31ebef0c81b97781c44c2275bfcc6d8e8520fc4ced495f0f386f8fe26"
            ],
            "version": "==1.0.0"
        },
        "rsa": {
            "hashes": [
                "sha256:25df4e10c263fb88b5ace923dd84bf9aa7f5019687b5e55382ffcdb8bede9db5",
                "sha256:43f682fea81c452c98d09fc316aae12de6d30c4b5c84226642cf8f8fd1c93abd"
            ],
            "version": "==3.4.2"
        },
        "s3transfer": {
            "hashes": [
                "sha256:7b9ad3213bff7d357f888e0fab5101b56fa1a0548ee77d121c3a3dbfbef4cb2e",
                "sha256:f23d5cb7d862b104401d9021fc82e5fa0e0cf57b7660a1331425aab0c691d021"
            ],
            "version": "==0.2.0"
        },
        "six": {
            "hashes": [
                "sha256:3350809f0555b11f552448330d0b52d5f24c91a322ea4a15ef22629740f3761c",
                "sha256:d16a0141ec1a18405cd4ce8b4613101da75da0e9a7aec5bdd4fa804d0e0eba73"
            ],
            "version": "==1.12.0"
        },
        "treeherder-client": {
            "hashes": [
                "sha256:84690096902891bef2d9b555352f791510f9a280a76c8cf76a2730deccf8dc4b",
                "sha256:e4221b867621afedcd88d076d8652435a8b62d5b0d1c0149afddce4516c2f0c4"
            ],
            "version": "==4.0.0"
        },
        "urllib3": {
            "hashes": [
                "sha256:2393a695cd12afedd0dcb26fe5d50d0cf248e5a66f75dbd89a3d4eb333a61af4",
                "sha256:a637e5fae88995b256e3409dc4d52c2e2e0ba32c42a6365fee8bbd2238de3cfb"
            ],
            "markers": "python_version == '2.7'",
            "version": "==1.24.3"
        },
        "wptserve": {
            "hashes": [
                "sha256:9d0c6adc279748abea81ac12b7a2cac97ebbdd87826dc11f6dbd85b781e9442a"
            ],
            "version": "==2.0"
        }
    },
    "develop": {}
}
